
Microsoft Visual Studio Solution File, Format Version 12.00
# Visual Studio Version 17
VisualStudioVersion = 17.6.33829.357
MinimumVisualStudioVersion = 10.0.40219.1
Project("{FAE04EC0-301F-11D3-BF4B-00C04F79EFBC}") = "유튜브프로젝트", "유튜브프로젝트.csproj", "{F89C4731-09AF-4DD8-8E7C-2E01B5D1241F}"
EndProject
Global
	GlobalSection(SolutionConfigurationPlatforms) = preSolution
		Debug|Any CPU = Debug|Any CPU
		Release|Any CPU = Release|Any CPU
	EndGlobalSection
	GlobalSection(ProjectConfigurationPlatforms) = postSolution
		{F89C4731-09AF-4DD8-8E7C-2E01B5D1241F}.Debug|Any CPU.ActiveCfg = Debug|Any CPU
		{F89C4731-09AF-4DD8-8E7C-2E01B5D1241F}.Debug|Any CPU.Build.0 = Debug|Any CPU
		{F89C4731-09AF-4DD8-8E7C-2E01B5D1241F}.Release|Any CPU.ActiveCfg = Release|Any CPU
		{F89C4731-09AF-4DD8-8E7C-2E01B5D1241F}.Release|Any CPU.Build.0 = Release|Any CPU
	EndGlobalSection
	GlobalSection(SolutionProperties) = preSolution
		HideSolutionNode = FALSE
	EndGlobalSection
	GlobalSection(ExtensibilityGlobals) = postSolution
		SolutionGuid = {73743F66-E18B-4431-9549-6F6F55B5D6DA}
	EndGlobalSection
EndGlobal
